
Microsoft Visual Studio Solution File, Format Version 12.00
# Visual Studio Version 17
VisualStudioVersion = 17.4.33205.214
MinimumVisualStudioVersion = 10.0.40219.1
Project("{9A19103F-16F7-4668-BE54-9A1E7A4F7556}") = "WebWaterPaintStore.Core", "WebWaterPaintStore.Core\WebWaterPaintStore.Core.csproj", "{5A0F3532-E3C2-453F-8B44-282D034FB8D2}"
EndProject
Project("{9A19103F-16F7-4668-BE54-9A1E7A4F7556}") = "WebWaterPaintStore.Data", "WebWaterPaintStore.Data\WebWaterPaintStore.Data.csproj", "{8037E9B5-969B-47FA-A5F4-9C49A1AC6766}"
EndProject
Project("{9A19103F-16F7-4668-BE54-9A1E7A4F7556}") = "WebWaterPaintStore.Services", "WebWaterPaintStore.Services\WebWaterPaintStore.Services.csproj", "{AA2FF036-E844-4D66-AE03-682B8C24A5F8}"
EndProject
Project("{9A19103F-16F7-4668-BE54-9A1E7A4F7556}") = "WebWaterPaintStore.WebApi", "WebWaterPaintStore.WebApi\WebWaterPaintStore.WebApi.csproj", "{5CFF963F-DBF5-4F72-9A54-E6A6485AB3B1}"
EndProject
Global
	GlobalSection(SolutionConfigurationPlatforms) = preSolution
		Debug|Any CPU = Debug|Any CPU
		Release|Any CPU = Release|Any CPU
	EndGlobalSection
	GlobalSection(ProjectConfigurationPlatforms) = postSolution
		{5A0F3532-E3C2-453F-8B44-282D034FB8D2}.Debug|Any CPU.ActiveCfg = Debug|Any CPU
		{5A0F3532-E3C2-453F-8B44-282D034FB8D2}.Debug|Any CPU.Build.0 = Debug|Any CPU
		{5A0F3532-E3C2-453F-8B44-282D034FB8D2}.Release|Any CPU.ActiveCfg = Release|Any CPU
		{5A0F3532-E3C2-453F-8B44-282D034FB8D2}.Release|Any CPU.Build.0 = Release|Any CPU
		{8037E9B5-969B-47FA-A5F4-9C49A1AC6766}.Debug|Any CPU.ActiveCfg = Debug|Any CPU
		{8037E9B5-969B-47FA-A5F4-9C49A1AC6766}.Debug|Any CPU.Build.0 = Debug|Any CPU
		{8037E9B5-969B-47FA-A5F4-9C49A1AC6766}.Release|Any CPU.ActiveCfg = Release|Any CPU
		{8037E9B5-969B-47FA-A5F4-9C49A1AC6766}.Release|Any CPU.Build.0 = Release|Any CPU
		{AA2FF036-E844-4D66-AE03-682B8C24A5F8}.Debug|Any CPU.ActiveCfg = Debug|Any CPU
		{AA2FF036-E844-4D66-AE03-682B8C24A5F8}.Debug|Any CPU.Build.0 = Debug|Any CPU
		{AA2FF036-E844-4D66-AE03-682B8C24A5F8}.Release|Any CPU.ActiveCfg = Release|Any CPU
		{AA2FF036-E844-4D66-AE03-682B8C24A5F8}.Release|Any CPU.Build.0 = Release|Any CPU
		{5CFF963F-DBF5-4F72-9A54-E6A6485AB3B1}.Debug|Any CPU.ActiveCfg = Debug|Any CPU
		{5CFF963F-DBF5-4F72-9A54-E6A6485AB3B1}.Debug|Any CPU.Build.0 = Debug|Any CPU
		{5CFF963F-DBF5-4F72-9A54-E6A6485AB3B1}.Release|Any CPU.ActiveCfg = Release|Any CPU
		{5CFF963F-DBF5-4F72-9A54-E6A6485AB3B1}.Release|Any CPU.Build.0 = Release|Any CPU
	EndGlobalSection
	GlobalSection(SolutionProperties) = preSolution
		HideSolutionNode = FALSE
	EndGlobalSection
	GlobalSection(ExtensibilityGlobals) = postSolution
		SolutionGuid = {393E3BF3-9617-4F51-8FAF-32807DC425AA}
	EndGlobalSection
EndGlobal
